
Microsoft Visual Studio Solution File, Format Version 12.00
# Visual Studio Version 17
VisualStudioVersion = 17.10.35013.160
MinimumVisualStudioVersion = 10.0.40219.1
Project("{FAE04EC0-301F-11D3-BF4B-00C04F79EFBC}") = "AutoCompleteDemo", "AutoCompleteDemo\AutoCompleteDemo.csproj", "{6AABA8EE-CE05-486D-AB0B-4E33BA5F29D4}"
EndProject
Global
	GlobalSection(SolutionConfigurationPlatforms) = preSolution
		Debug|Any CPU = Debug|Any CPU
		Release|Any CPU = Release|Any CPU
	EndGlobalSection
	GlobalSection(ProjectConfigurationPlatforms) = postSolution
		{6AABA8EE-CE05-486D-AB0B-4E33BA5F29D4}.Debug|Any CPU.ActiveCfg = Debug|Any CPU
		{6AABA8EE-CE05-486D-AB0B-4E33BA5F29D4}.Debug|Any CPU.Build.0 = Debug|Any CPU
		{6AABA8EE-CE05-486D-AB0B-4E33BA5F29D4}.Release|Any CPU.ActiveCfg = Release|Any CPU
		{6AABA8EE-CE05-486D-AB0B-4E33BA5F29D4}.Release|Any CPU.Build.0 = Release|Any CPU
	EndGlobalSection
	GlobalSection(SolutionProperties) = preSolution
		HideSolutionNode = FALSE
	EndGlobalSection
	GlobalSection(ExtensibilityGlobals) = postSolution
		SolutionGuid = {E88A8494-0D8A-43B1-AF4D-05C8425CB889}
	EndGlobalSection
EndGlobal
